
Microsoft Visual Studio Solution File, Format Version 12.00
# Visual Studio 15
VisualStudioVersion = 15.0.28307.271
MinimumVisualStudioVersion = 10.0.40219.1
Project("{FAE04EC0-301F-11D3-BF4B-00C04F79EFBC}") = "Tasks 1-2", "Lesson 1\Tasks 1-2.csproj", "{7C369430-54E4-4DF3-AC92-A89AB30123D7}"
EndProject
Project("{FAE04EC0-301F-11D3-BF4B-00C04F79EFBC}") = "Task-3", "Task-3\Task-3.csproj", "{237F4F72-A276-425E-9FFC-D794E4707C8C}"
EndProject
Project("{FAE04EC0-301F-11D3-BF4B-00C04F79EFBC}") = "Task-4", "Task-4\Task-4.csproj", "{E219FF06-967F-4C55-8A9C-8676292D71FF}"
EndProject
Project("{FAE04EC0-301F-11D3-BF4B-00C04F79EFBC}") = "Task-5", "Task-5\Task-5.csproj", "{3D2572A3-E8FB-4705-9778-01F1375748FA}"
EndProject
Project("{FAE04EC0-301F-11D3-BF4B-00C04F79EFBC}") = "Task-6", "Task-6\Task-6.csproj", "{CED2B3C2-45A1-456F-B4C7-164A6259B4F5}"
EndProject
Global
	GlobalSection(SolutionConfigurationPlatforms) = preSolution
		Debug|Any CPU = Debug|Any CPU
		Release|Any CPU = Release|Any CPU
	EndGlobalSection
	GlobalSection(ProjectConfigurationPlatforms) = postSolution
		{7C369430-54E4-4DF3-AC92-A89AB30123D7}.Debug|Any CPU.ActiveCfg = Debug|Any CPU
		{7C369430-54E4-4DF3-AC92-A89AB30123D7}.Debug|Any CPU.Build.0 = Debug|Any CPU
		{7C369430-54E4-4DF3-AC92-A89AB30123D7}.Release|Any CPU.ActiveCfg = Release|Any CPU
		{7C369430-54E4-4DF3-AC92-A89AB30123D7}.Release|Any CPU.Build.0 = Release|Any CPU
		{237F4F72-A276-425E-9FFC-D794E4707C8C}.Debug|Any CPU.ActiveCfg = Debug|Any CPU
		{237F4F72-A276-425E-9FFC-D794E4707C8C}.Debug|Any CPU.Build.0 = Debug|Any CPU
		{237F4F72-A276-425E-9FFC-D794E4707C8C}.Release|Any CPU.ActiveCfg = Release|Any CPU
		{237F4F72-A276-425E-9FFC-D794E4707C8C}.Release|Any CPU.Build.0 = Release|Any CPU
		{E219FF06-967F-4C55-8A9C-8676292D71FF}.Debug|Any CPU.ActiveCfg = Debug|Any CPU
		{E219FF06-967F-4C55-8A9C-8676292D71FF}.Debug|Any CPU.Build.0 = Debug|Any CPU
		{E219FF06-967F-4C55-8A9C-8676292D71FF}.Release|Any CPU.ActiveCfg = Release|Any CPU
		{E219FF06-967F-4C55-8A9C-8676292D71FF}.Release|Any CPU.Build.0 = Release|Any CPU
		{3D2572A3-E8FB-4705-9778-01F1375748FA}.Debug|Any CPU.ActiveCfg = Debug|Any CPU
		{3D2572A3-E8FB-4705-9778-01F1375748FA}.Debug|Any CPU.Build.0 = Debug|Any CPU
		{3D2572A3-E8FB-4705-9778-01F1375748FA}.Release|Any CPU.ActiveCfg = Release|Any CPU
		{3D2572A3-E8FB-4705-9778-01F1375748FA}.Release|Any CPU.Build.0 = Release|Any CPU
		{CED2B3C2-45A1-456F-B4C7-164A6259B4F5}.Debug|Any CPU.ActiveCfg = Debug|Any CPU
		{CED2B3C2-45A1-456F-B4C7-164A6259B4F5}.Debug|Any CPU.Build.0 = Debug|Any CPU
		{CED2B3C2-45A1-456F-B4C7-164A6259B4F5}.Release|Any CPU.ActiveCfg = Release|Any CPU
		{CED2B3C2-45A1-456F-B4C7-164A6259B4F5}.Release|Any CPU.Build.0 = Release|Any CPU
	EndGlobalSection
	GlobalSection(SolutionProperties) = preSolution
		HideSolutionNode = FALSE
	EndGlobalSection
	GlobalSection(ExtensibilityGlobals) = postSolution
		SolutionGuid = {6052597A-4698-4FBE-8557-BF4738925436}
	EndGlobalSection
EndGlobal
