
Microsoft Visual Studio Solution File, Format Version 12.00
# Visual Studio 15
VisualStudioVersion = 15.0.28307.271
MinimumVisualStudioVersion = 10.0.40219.1
Project("{FAE04EC0-301F-11D3-BF4B-00C04F79EFBC}") = "Lesson-4", "Lesson-4\Lesson-4.csproj", "{90617605-9D57-4AFB-BB58-D7EBD2997C6A}"
EndProject
Global
	GlobalSection(SolutionConfigurationPlatforms) = preSolution
		Debug|Any CPU = Debug|Any CPU
		Release|Any CPU = Release|Any CPU
	EndGlobalSection
	GlobalSection(ProjectConfigurationPlatforms) = postSolution
		{90617605-9D57-4AFB-BB58-D7EBD2997C6A}.Debug|Any CPU.ActiveCfg = Debug|Any CPU
		{90617605-9D57-4AFB-BB58-D7EBD2997C6A}.Debug|Any CPU.Build.0 = Debug|Any CPU
		{90617605-9D57-4AFB-BB58-D7EBD2997C6A}.Release|Any CPU.ActiveCfg = Release|Any CPU
		{90617605-9D57-4AFB-BB58-D7EBD2997C6A}.Release|Any CPU.Build.0 = Release|Any CPU
	EndGlobalSection
	GlobalSection(SolutionProperties) = preSolution
		HideSolutionNode = FALSE
	EndGlobalSection
	GlobalSection(ExtensibilityGlobals) = postSolution
		SolutionGuid = {B37F76DA-4ED4-4E5B-86B4-21F482E2F9E4}
	EndGlobalSection
EndGlobal
