
Microsoft Visual Studio Solution File, Format Version 12.00
# Visual Studio 15
VisualStudioVersion = 15.0.28307.271
MinimumVisualStudioVersion = 10.0.40219.1
Project("{FAE04EC0-301F-11D3-BF4B-00C04F79EFBC}") = "Lesson-3", "Lesson-3\Lesson-3.csproj", "{D5015731-53A9-447C-AA12-63FBA6595B4F}"
EndProject
Global
	GlobalSection(SolutionConfigurationPlatforms) = preSolution
		Debug|Any CPU = Debug|Any CPU
		Release|Any CPU = Release|Any CPU
	EndGlobalSection
	GlobalSection(ProjectConfigurationPlatforms) = postSolution
		{D5015731-53A9-447C-AA12-63FBA6595B4F}.Debug|Any CPU.ActiveCfg = Debug|Any CPU
		{D5015731-53A9-447C-AA12-63FBA6595B4F}.Debug|Any CPU.Build.0 = Debug|Any CPU
		{D5015731-53A9-447C-AA12-63FBA6595B4F}.Release|Any CPU.ActiveCfg = Release|Any CPU
		{D5015731-53A9-447C-AA12-63FBA6595B4F}.Release|Any CPU.Build.0 = Release|Any CPU
	EndGlobalSection
	GlobalSection(SolutionProperties) = preSolution
		HideSolutionNode = FALSE
	EndGlobalSection
	GlobalSection(ExtensibilityGlobals) = postSolution
		SolutionGuid = {A1DB6220-E7A7-437A-AEB9-170868429FB0}
	EndGlobalSection
EndGlobal
