
Microsoft Visual Studio Solution File, Format Version 12.00
# Visual Studio 15
VisualStudioVersion = 15.0.28307.421
MinimumVisualStudioVersion = 10.0.40219.1
Project("{FAE04EC0-301F-11D3-BF4B-00C04F79EFBC}") = "AnyTasks", "AnyTasks\AnyTasks.csproj", "{EC1EFE3A-3EBD-41DF-983C-C1FF1310D953}"
EndProject
Project("{FAE04EC0-301F-11D3-BF4B-00C04F79EFBC}") = "Test", "Test\Test.csproj", "{A7AB9143-C5AA-4898-B5E3-771FF19E17ED}"
EndProject
Global
	GlobalSection(SolutionConfigurationPlatforms) = preSolution
		Debug|Any CPU = Debug|Any CPU
		Release|Any CPU = Release|Any CPU
	EndGlobalSection
	GlobalSection(ProjectConfigurationPlatforms) = postSolution
		{EC1EFE3A-3EBD-41DF-983C-C1FF1310D953}.Debug|Any CPU.ActiveCfg = Debug|Any CPU
		{EC1EFE3A-3EBD-41DF-983C-C1FF1310D953}.Debug|Any CPU.Build.0 = Debug|Any CPU
		{EC1EFE3A-3EBD-41DF-983C-C1FF1310D953}.Release|Any CPU.ActiveCfg = Release|Any CPU
		{EC1EFE3A-3EBD-41DF-983C-C1FF1310D953}.Release|Any CPU.Build.0 = Release|Any CPU
		{A7AB9143-C5AA-4898-B5E3-771FF19E17ED}.Debug|Any CPU.ActiveCfg = Debug|Any CPU
		{A7AB9143-C5AA-4898-B5E3-771FF19E17ED}.Debug|Any CPU.Build.0 = Debug|Any CPU
		{A7AB9143-C5AA-4898-B5E3-771FF19E17ED}.Release|Any CPU.ActiveCfg = Release|Any CPU
		{A7AB9143-C5AA-4898-B5E3-771FF19E17ED}.Release|Any CPU.Build.0 = Release|Any CPU
	EndGlobalSection
	GlobalSection(SolutionProperties) = preSolution
		HideSolutionNode = FALSE
	EndGlobalSection
	GlobalSection(ExtensibilityGlobals) = postSolution
		SolutionGuid = {CFF22C57-0EE2-4393-B99B-696AD8EB366C}
	EndGlobalSection
EndGlobal
